// !$*UTF8*$!
{
	archiveVersion = 1;
	classes = {
	};
	objectVersion = 70;
	objects = {

/* Begin PBXBuildFile section */
		575747242DF04AEF002FBDA8 /* SplashView.swift in Sources */ = {isa = PBXBuildFile; fileRef = 575747232DF04AEE002FBDA8 /* SplashView.swift */; };
		575747262DF04C64002FBDA8 /* Strings.swift in Sources */ = {isa = PBXBuildFile; fileRef = 575747252DF04C60002FBDA8 /* Strings.swift */; };
		575747282DF0537A002FBDA8 /* CustomImage.swift in Sources */ = {isa = PBXBuildFile; fileRef = 575747272DF05374002FBDA8 /* CustomImage.swift */; };
		577F9C162D5F2C700035F959 /* yourLedgerApp.swift in Sources */ = {isa = PBXBuildFile; fileRef = 577F9C152D5F2C700035F959 /* yourLedgerApp.swift */; };
		577F9C182D5F2C700035F959 /* ContentView.swift in Sources */ = {isa = PBXBuildFile; fileRef = 577F9C172D5F2C700035F959 /* ContentView.swift */; };
		577F9C1A2D5F2C700035F959 /* Item.swift in Sources */ = {isa = PBXBuildFile; fileRef = 577F9C192D5F2C700035F959 /* Item.swift */; };
		577F9C1C2D5F2C720035F959 /* Assets.xcassets in Resources */ = {isa = PBXBuildFile; fileRef = 577F9C1B2D5F2C720035F959 /* Assets.xcassets */; };
		577F9C1F2D5F2C720035F959 /* Preview Assets.xcassets in Resources */ = {isa = PBXBuildFile; fileRef = 577F9C1E2D5F2C720035F959 /* Preview Assets.xcassets */; };
		577F9C292D5F2C720035F959 /* yourLedgerTests.swift in Sources */ = {isa = PBXBuildFile; fileRef = 577F9C282D5F2C720035F959 /* yourLedgerTests.swift */; };
		577F9C332D5F2C720035F959 /* yourLedgerUITests.swift in Sources */ = {isa = PBXBuildFile; fileRef = 577F9C322D5F2C720035F959 /* yourLedgerUITests.swift */; };
		577F9C352D5F2C720035F959 /* yourLedgerUITestsLaunchTests.swift in Sources */ = {isa = PBXBuildFile; fileRef = 577F9C342D5F2C720035F959 /* yourLedgerUITestsLaunchTests.swift */; };
		577F9C432D5F61260035F959 /* ExpensesView.swift in Sources */ = {isa = PBXBuildFile; fileRef = 577F9C422D5F61260035F959 /* ExpensesView.swift */; };
		577F9C452D5F614A0035F959 /* IncomeView.swift in Sources */ = {isa = PBXBuildFile; fileRef = 577F9C442D5F614A0035F959 /* IncomeView.swift */; };
		57940F592D646DC80031338A /* AddIncomeView.swift in Sources */ = {isa = PBXBuildFile; fileRef = 57940F582D646DC80031338A /* AddIncomeView.swift */; };
		57BD62602DF1683C00F7EBD5 /* AddIncomeViewModel.swift in Sources */ = {isa = PBXBuildFile; fileRef = 57BD625F2DF1683C00F7EBD5 /* AddIncomeViewModel.swift */; };
/* End PBXBuildFile section */

/* Begin PBXContainerItemProxy section */
		577F9C252D5F2C720035F959 /* PBXContainerItemProxy */ = {
			isa = PBXContainerItemProxy;
			containerPortal = 577F9C0A2D5F2C700035F959 /* Project object */;
			proxyType = 1;
			remoteGlobalIDString = 577F9C112D5F2C700035F959;
			remoteInfo = yourLedger;
		};
		577F9C2F2D5F2C720035F959 /* PBXContainerItemProxy */ = {
			isa = PBXContainerItemProxy;
			containerPortal = 577F9C0A2D5F2C700035F959 /* Project object */;
			proxyType = 1;
			remoteGlobalIDString = 577F9C112D5F2C700035F959;
			remoteInfo = yourLedger;
		};
/* End PBXContainerItemProxy section */

/* Begin PBXFileReference section */
		575747232DF04AEE002FBDA8 /* SplashView.swift */ = {isa = PBXFileReference; lastKnownFileType = sourcecode.swift; path = SplashView.swift; sourceTree = "<group>"; };
		575747252DF04C60002FBDA8 /* Strings.swift */ = {isa = PBXFileReference; lastKnownFileType = sourcecode.swift; path = Strings.swift; sourceTree = "<group>"; };
		575747272DF05374002FBDA8 /* CustomImage.swift */ = {isa = PBXFileReference; lastKnownFileType = sourcecode.swift; path = CustomImage.swift; sourceTree = "<group>"; };
		577F9C122D5F2C700035F959 /* yourLedger.app */ = {isa = PBXFileReference; explicitFileType = wrapper.application; includeInIndex = 0; path = yourLedger.app; sourceTree = BUILT_PRODUCTS_DIR; };
		577F9C152D5F2C700035F959 /* yourLedgerApp.swift */ = {isa = PBXFileReference; lastKnownFileType = sourcecode.swift; path = yourLedgerApp.swift; sourceTree = "<group>"; };
		577F9C172D5F2C700035F959 /* ContentView.swift */ = {isa = PBXFileReference; lastKnownFileType = sourcecode.swift; path = ContentView.swift; sourceTree = "<group>"; };
		577F9C192D5F2C700035F959 /* Item.swift */ = {isa = PBXFileReference; lastKnownFileType = sourcecode.swift; path = Item.swift; sourceTree = "<group>"; };
		577F9C1B2D5F2C720035F959 /* Assets.xcassets */ = {isa = PBXFileReference; lastKnownFileType = folder.assetcatalog; path = Assets.xcassets; sourceTree = "<group>"; };
		577F9C1E2D5F2C720035F959 /* Preview Assets.xcassets */ = {isa = PBXFileReference; lastKnownFileType = folder.assetcatalog; path = "Preview Assets.xcassets"; sourceTree = "<group>"; };
		577F9C242D5F2C720035F959 /* yourLedgerTests.xctest */ = {isa = PBXFileReference; explicitFileType = wrapper.cfbundle; includeInIndex = 0; path = yourLedgerTests.xctest; sourceTree = BUILT_PRODUCTS_DIR; };
		577F9C282D5F2C720035F959 /* yourLedgerTests.swift */ = {isa = PBXFileReference; lastKnownFileType = sourcecode.swift; path = yourLedgerTests.swift; sourceTree = "<group>"; };
		577F9C2E2D5F2C720035F959 /* yourLedgerUITests.xctest */ = {isa = PBXFileReference; explicitFileType = wrapper.cfbundle; includeInIndex = 0; path = yourLedgerUITests.xctest; sourceTree = BUILT_PRODUCTS_DIR; };
		577F9C322D5F2C720035F959 /* yourLedgerUITests.swift */ = {isa = PBXFileReference; lastKnownFileType = sourcecode.swift; path = yourLedgerUITests.swift; sourceTree = "<group>"; };
		577F9C342D5F2C720035F959 /* yourLedgerUITestsLaunchTests.swift */ = {isa = PBXFileReference; lastKnownFileType = sourcecode.swift; path = yourLedgerUITestsLaunchTests.swift; sourceTree = "<group>"; };
		577F9C422D5F61260035F959 /* ExpensesView.swift */ = {isa = PBXFileReference; lastKnownFileType = sourcecode.swift; path = ExpensesView.swift; sourceTree = "<group>"; };
		577F9C442D5F614A0035F959 /* IncomeView.swift */ = {isa = PBXFileReference; lastKnownFileType = sourcecode.swift; path = IncomeView.swift; sourceTree = "<group>"; };
		57940F582D646DC80031338A /* AddIncomeView.swift */ = {isa = PBXFileReference; lastKnownFileType = sourcecode.swift; path = AddIncomeView.swift; sourceTree = "<group>"; };
		57BD625F2DF1683C00F7EBD5 /* AddIncomeViewModel.swift */ = {isa = PBXFileReference; lastKnownFileType = sourcecode.swift; path = AddIncomeViewModel.swift; sourceTree = "<group>"; };
/* End PBXFileReference section */

/* Begin PBXFileSystemSynchronizedRootGroup section */
		575747292DF07708002FBDA8 /* Model */ = {isa = PBXFileSystemSynchronizedRootGroup; explicitFileTypes = {}; explicitFolders = (); path = Model; sourceTree = "<group>"; };
/* End PBXFileSystemSynchronizedRootGroup section */

/* Begin PBXFrameworksBuildPhase section */
		577F9C0F2D5F2C700035F959 /* Frameworks */ = {
			isa = PBXFrameworksBuildPhase;
			buildActionMask = 2147483647;
			files = (
			);
			runOnlyForDeploymentPostprocessing = 0;
		};
		577F9C212D5F2C720035F959 /* Frameworks */ = {
			isa = PBXFrameworksBuildPhase;
			buildActionMask = 2147483647;
			files = (
			);
			runOnlyForDeploymentPostprocessing = 0;
		};
		577F9C2B2D5F2C720035F959 /* Frameworks */ = {
			isa = PBXFrameworksBuildPhase;
			buildActionMask = 2147483647;
			files = (
			);
			runOnlyForDeploymentPostprocessing = 0;
		};
/* End PBXFrameworksBuildPhase section */

/* Begin PBXGroup section */
		577F9C092D5F2C700035F959 = {
			isa = PBXGroup;
			children = (
				577F9C142D5F2C700035F959 /* yourLedger */,
				577F9C272D5F2C720035F959 /* yourLedgerTests */,
				577F9C312D5F2C720035F959 /* yourLedgerUITests */,
				577F9C132D5F2C700035F959 /* Products */,
			);
			sourceTree = "<group>";
		};
		577F9C132D5F2C700035F959 /* Products */ = {
			isa = PBXGroup;
			children = (
				577F9C122D5F2C700035F959 /* yourLedger.app */,
				577F9C242D5F2C720035F959 /* yourLedgerTests.xctest */,
				577F9C2E2D5F2C720035F959 /* yourLedgerUITests.xctest */,
			);
			name = Products;
			sourceTree = "<group>";
		};
		577F9C142D5F2C700035F959 /* yourLedger */ = {
			isa = PBXGroup;
			children = (
				577F9C152D5F2C700035F959 /* yourLedgerApp.swift */,
				575747292DF07708002FBDA8 /* Model */,
				577F9C412D5F60E40035F959 /* View */,
				57BD625E2DF1681200F7EBD5 /* ViewModel */,
				577F9C192D5F2C700035F959 /* Item.swift */,
				575747252DF04C60002FBDA8 /* Strings.swift */,
				575747272DF05374002FBDA8 /* CustomImage.swift */,
				577F9C1B2D5F2C720035F959 /* Assets.xcassets */,
				577F9C1D2D5F2C720035F959 /* Preview Content */,
			);
			path = yourLedger;
			sourceTree = "<group>";
		};
		577F9C1D2D5F2C720035F959 /* Preview Content */ = {
			isa = PBXGroup;
			children = (
				577F9C1E2D5F2C720035F959 /* Preview Assets.xcassets */,
			);
			path = "Preview Content";
			sourceTree = "<group>";
		};
		577F9C272D5F2C720035F959 /* yourLedgerTests */ = {
			isa = PBXGroup;
			children = (
				577F9C282D5F2C720035F959 /* yourLedgerTests.swift */,
			);
			path = yourLedgerTests;
			sourceTree = "<group>";
		};
		577F9C312D5F2C720035F959 /* yourLedgerUITests */ = {
			isa = PBXGroup;
			children = (
				577F9C322D5F2C720035F959 /* yourLedgerUITests.swift */,
				577F9C342D5F2C720035F959 /* yourLedgerUITestsLaunchTests.swift */,
			);
			path = yourLedgerUITests;
			sourceTree = "<group>";
		};
		577F9C412D5F60E40035F959 /* View */ = {
			isa = PBXGroup;
			children = (
				577F9C172D5F2C700035F959 /* ContentView.swift */,
				575747232DF04AEE002FBDA8 /* SplashView.swift */,
				577F9C422D5F61260035F959 /* ExpensesView.swift */,
				577F9C442D5F614A0035F959 /* IncomeView.swift */,
				57940F582D646DC80031338A /* AddIncomeView.swift */,
			);
			path = View;
			sourceTree = "<group>";
		};
		57BD625E2DF1681200F7EBD5 /* ViewModel */ = {
			isa = PBXGroup;
			children = (
				57BD625F2DF1683C00F7EBD5 /* AddIncomeViewModel.swift */,
			);
			path = ViewModel;
			sourceTree = "<group>";
		};
/* End PBXGroup section */

/* Begin PBXNativeTarget section */
		577F9C112D5F2C700035F959 /* yourLedger */ = {
			isa = PBXNativeTarget;
			buildConfigurationList = 577F9C382D5F2C720035F959 /* Build configuration list for PBXNativeTarget "yourLedger" */;
			buildPhases = (
				577F9C0E2D5F2C700035F959 /* Sources */,
				577F9C0F2D5F2C700035F959 /* Frameworks */,
				577F9C102D5F2C700035F959 /* Resources */,
			);
			buildRules = (
			);
			dependencies = (
			);
			fileSystemSynchronizedGroups = (
				575747292DF07708002FBDA8 /* Model */,
			);
			name = yourLedger;
			productName = yourLedger;
			productReference = 577F9C122D5F2C700035F959 /* yourLedger.app */;
			productType = "com.apple.product-type.application";
		};
		577F9C232D5F2C720035F959 /* yourLedgerTests */ = {
			isa = PBXNativeTarget;
			buildConfigurationList = 577F9C3B2D5F2C720035F959 /* Build configuration list for PBXNativeTarget "yourLedgerTests" */;
			buildPhases = (
				577F9C202D5F2C720035F959 /* Sources */,
				577F9C212D5F2C720035F959 /* Frameworks */,
				577F9C222D5F2C720035F959 /* Resources */,
			);
			buildRules = (
			);
			dependencies = (
				577F9C262D5F2C720035F959 /* PBXTargetDependency */,
			);
			name = yourLedgerTests;
			productName = yourLedgerTests;
			productReference = 577F9C242D5F2C720035F959 /* yourLedgerTests.xctest */;
			productType = "com.apple.product-type.bundle.unit-test";
		};
		577F9C2D2D5F2C720035F959 /* yourLedgerUITests */ = {
			isa = PBXNativeTarget;
			buildConfigurationList = 577F9C3E2D5F2C720035F959 /* Build configuration list for PBXNativeTarget "yourLedgerUITests" */;
			buildPhases = (
				577F9C2A2D5F2C720035F959 /* Sources */,
				577F9C2B2D5F2C720035F959 /* Frameworks */,
				577F9C2C2D5F2C720035F959 /* Resources */,
			);
			buildRules = (
			);
			dependencies = (
				577F9C302D5F2C720035F959 /* PBXTargetDependency */,
			);
			name = yourLedgerUITests;
			productName = yourLedgerUITests;
			productReference = 577F9C2E2D5F2C720035F959 /* yourLedgerUITests.xctest */;
			productType = "com.apple.product-type.bundle.ui-testing";
		};
/* End PBXNativeTarget section */

/* Begin PBXProject section */
		577F9C0A2D5F2C700035F959 /* Project object */ = {
			isa = PBXProject;
			attributes = {
				BuildIndependentTargetsInParallel = 1;
				LastSwiftUpdateCheck = 1540;
				LastUpgradeCheck = 1540;
				TargetAttributes = {
					577F9C112D5F2C700035F959 = {
						CreatedOnToolsVersion = 15.4;
					};
					577F9C232D5F2C720035F959 = {
						CreatedOnToolsVersion = 15.4;
						TestTargetID = 577F9C112D5F2C700035F959;
					};
					577F9C2D2D5F2C720035F959 = {
						CreatedOnToolsVersion = 15.4;
						TestTargetID = 577F9C112D5F2C700035F959;
					};
				};
			};
			buildConfigurationList = 577F9C0D2D5F2C700035F959 /* Build configuration list for PBXProject "yourLedger" */;
			compatibilityVersion = "Xcode 14.0";
			developmentRegion = en;
			hasScannedForEncodings = 0;
			knownRegions = (
				en,
				Base,
			);
			mainGroup = 577F9C092D5F2C700035F959;
			productRefGroup = 577F9C132D5F2C700035F959 /* Products */;
			projectDirPath = "";
			projectRoot = "";
			targets = (
				577F9C112D5F2C700035F959 /* yourLedger */,
				577F9C232D5F2C720035F959 /* yourLedgerTests */,
				577F9C2D2D5F2C720035F959 /* yourLedgerUITests */,
			);
		};
/* End PBXProject section */

/* Begin PBXResourcesBuildPhase section */
		577F9C102D5F2C700035F959 /* Resources */ = {
			isa = PBXResourcesBuildPhase;
			buildActionMask = 2147483647;
			files = (
				577F9C1F2D5F2C720035F959 /* Preview Assets.xcassets in Resources */,
				577F9C1C2D5F2C720035F959 /* Assets.xcassets in Resources */,
			);
			runOnlyForDeploymentPostprocessing = 0;
		};
		577F9C222D5F2C720035F959 /* Resources */ = {
			isa = PBXResourcesBuildPhase;
			buildActionMask = 2147483647;
			files = (
			);
			runOnlyForDeploymentPostprocessing = 0;
		};
		577F9C2C2D5F2C720035F959 /* Resources */ = {
			isa = PBXResourcesBuildPhase;
			buildActionMask = 2147483647;
			files = (
			);
			runOnlyForDeploymentPostprocessing = 0;
		};
/* End PBXResourcesBuildPhase section */

/* Begin PBXSourcesBuildPhase section */
		577F9C0E2D5F2C700035F959 /* Sources */ = {
			isa = PBXSourcesBuildPhase;
			buildActionMask = 2147483647;
			files = (
				577F9C182D5F2C700035F959 /* ContentView.swift in Sources */,
				577F9C452D5F614A0035F959 /* IncomeView.swift in Sources */,
				575747262DF04C64002FBDA8 /* Strings.swift in Sources */,
				577F9C1A2D5F2C700035F959 /* Item.swift in Sources */,
				57BD62602DF1683C00F7EBD5 /* AddIncomeViewModel.swift in Sources */,
				57940F592D646DC80031338A /* AddIncomeView.swift in Sources */,
				577F9C162D5F2C700035F959 /* yourLedgerApp.swift in Sources */,
				577F9C432D5F61260035F959 /* ExpensesView.swift in Sources */,
				575747242DF04AEF002FBDA8 /* SplashView.swift in Sources */,
				575747282DF0537A002FBDA8 /* CustomImage.swift in Sources */,
			);
			runOnlyForDeploymentPostprocessing = 0;
		};
		577F9C202D5F2C720035F959 /* Sources */ = {
			isa = PBXSourcesBuildPhase;
			buildActionMask = 2147483647;
			files = (
				577F9C292D5F2C720035F959 /* yourLedgerTests.swift in Sources */,
			);
			runOnlyForDeploymentPostprocessing = 0;
		};
		577F9C2A2D5F2C720035F959 /* Sources */ = {
			isa = PBXSourcesBuildPhase;
			buildActionMask = 2147483647;
			files = (
				577F9C352D5F2C720035F959 /* yourLedgerUITestsLaunchTests.swift in Sources */,
				577F9C332D5F2C720035F959 /* yourLedgerUITests.swift in Sources */,
			);
			runOnlyForDeploymentPostprocessing = 0;
		};
/* End PBXSourcesBuildPhase section */

/* Begin PBXTargetDependency section */
		577F9C262D5F2C720035F959 /* PBXTargetDependency */ = {
			isa = PBXTargetDependency;
			target = 577F9C112D5F2C700035F959 /* yourLedger */;
			targetProxy = 577F9C252D5F2C720035F959 /* PBXContainerItemProxy */;
		};
		577F9C302D5F2C720035F959 /* PBXTargetDependency */ = {
			isa = PBXTargetDependency;
			target = 577F9C112D5F2C700035F959 /* yourLedger */;
			targetProxy = 577F9C2F2D5F2C720035F959 /* PBXContainerItemProxy */;
		};
/* End PBXTargetDependency section */

/* Begin XCBuildConfiguration section */
		577F9C362D5F2C720035F959 /* Debug */ = {
			isa = XCBuildConfiguration;
			buildSettings = {
				ALWAYS_SEARCH_USER_PATHS = NO;
				ASSETCATALOG_COMPILER_GENERATE_SWIFT_ASSET_SYMBOL_EXTENSIONS = YES;
				CLANG_ANALYZER_NONNULL = YES;
				CLANG_ANALYZER_NUMBER_OBJECT_CONVERSION = YES_AGGRESSIVE;
				CLANG_CXX_LANGUAGE_STANDARD = "gnu++20";
				CLANG_ENABLE_MODULES = YES;
				CLANG_ENABLE_OBJC_ARC = YES;
				CLANG_ENABLE_OBJC_WEAK = YES;
				CLANG_WARN_BLOCK_CAPTURE_AUTORELEASING = YES;
				CLANG_WARN_BOOL_CONVERSION = YES;
				CLANG_WARN_COMMA = YES;
				CLANG_WARN_CONSTANT_CONVERSION = YES;
				CLANG_WARN_DEPRECATED_OBJC_IMPLEMENTATIONS = YES;
				CLANG_WARN_DIRECT_OBJC_ISA_USAGE = YES_ERROR;
				CLANG_WARN_DOCUMENTATION_COMMENTS = YES;
				CLANG_WARN_EMPTY_BODY = YES;
				CLANG_WARN_ENUM_CONVERSION = YES;
				CLANG_WARN_INFINITE_RECURSION = YES;
				CLANG_WARN_INT_CONVERSION = YES;
				CLANG_WARN_NON_LITERAL_NULL_CONVERSION = YES;
				CLANG_WARN_OBJC_IMPLICIT_RETAIN_SELF = YES;
				CLANG_WARN_OBJC_LITERAL_CONVERSION = YES;
				CLANG_WARN_OBJC_ROOT_CLASS = YES_ERROR;
				CLANG_WARN_QUOTED_INCLUDE_IN_FRAMEWORK_HEADER = YES;
				CLANG_WARN_RANGE_LOOP_ANALYSIS = YES;
				CLANG_WARN_STRICT_PROTOTYPES = YES;
				CLANG_WARN_SUSPICIOUS_MOVE = YES;
				CLANG_WARN_UNGUARDED_AVAILABILITY = YES_AGGRESSIVE;
				CLANG_WARN_UNREACHABLE_CODE = YES;
				CLANG_WARN__DUPLICATE_METHOD_MATCH = YES;
				COPY_PHASE_STRIP = NO;
				DEBUG_INFORMATION_FORMAT = dwarf;
				ENABLE_STRICT_OBJC_MSGSEND = YES;
				ENABLE_TESTABILITY = YES;
				ENABLE_USER_SCRIPT_SANDBOXING = YES;
				GCC_C_LANGUAGE_STANDARD = gnu17;
				GCC_DYNAMIC_NO_PIC = NO;
				GCC_NO_COMMON_BLOCKS = YES;
				GCC_OPTIMIZATION_LEVEL = 0;
				GCC_PREPROCESSOR_DEFINITIONS = (
					"DEBUG=1",
					"$(inherited)",
				);
				GCC_WARN_64_TO_32_BIT_CONVERSION = YES;
				GCC_WARN_ABOUT_RETURN_TYPE = YES_ERROR;
				GCC_WARN_UNDECLARED_SELECTOR = YES;
				GCC_WARN_UNINITIALIZED_AUTOS = YES_AGGRESSIVE;
				GCC_WARN_UNUSED_FUNCTION = YES;
				GCC_WARN_UNUSED_VARIABLE = YES;
				IPHONEOS_DEPLOYMENT_TARGET = 17.5;
				LOCALIZATION_PREFERS_STRING_CATALOGS = YES;
				MTL_ENABLE_DEBUG_INFO = INCLUDE_SOURCE;
				MTL_FAST_MATH = YES;
				ONLY_ACTIVE_ARCH = YES;
				SDKROOT = iphoneos;
				SWIFT_ACTIVE_COMPILATION_CONDITIONS = "DEBUG $(inherited)";
				SWIFT_OPTIMIZATION_LEVEL = "-Onone";
			};
			name = Debug;
		};
		577F9C372D5F2C720035F959 /* Release */ = {
			isa = XCBuildConfiguration;
			buildSettings = {
				ALWAYS_SEARCH_USER_PATHS = NO;
				ASSETCATALOG_COMPILER_GENERATE_SWIFT_ASSET_SYMBOL_EXTENSIONS = YES;
				CLANG_ANALYZER_NONNULL = YES;
				CLANG_ANALYZER_NUMBER_OBJECT_CONVERSION = YES_AGGRESSIVE;
				CLANG_CXX_LANGUAGE_STANDARD = "gnu++20";
				CLANG_ENABLE_MODULES = YES;
				CLANG_ENABLE_OBJC_ARC = YES;
				CLANG_ENABLE_OBJC_WEAK = YES;
				CLANG_WARN_BLOCK_CAPTURE_AUTORELEASING = YES;
				CLANG_WARN_BOOL_CONVERSION = YES;
				CLANG_WARN_COMMA = YES;
				CLANG_WARN_CONSTANT_CONVERSION = YES;
				CLANG_WARN_DEPRECATED_OBJC_IMPLEMENTATIONS = YES;
				CLANG_WARN_DIRECT_OBJC_ISA_USAGE = YES_ERROR;
				CLANG_WARN_DOCUMENTATION_COMMENTS = YES;
				CLANG_WARN_EMPTY_BODY = YES;
				CLANG_WARN_ENUM_CONVERSION = YES;
				CLANG_WARN_INFINITE_RECURSION = YES;
				CLANG_WARN_INT_CONVERSION = YES;
				CLANG_WARN_NON_LITERAL_NULL_CONVERSION = YES;
				CLANG_WARN_OBJC_IMPLICIT_RETAIN_SELF = YES;
				CLANG_WARN_OBJC_LITERAL_CONVERSION = YES;
				CLANG_WARN_OBJC_ROOT_CLASS = YES_ERROR;
				CLANG_WARN_QUOTED_INCLUDE_IN_FRAMEWORK_HEADER = YES;
				CLANG_WARN_RANGE_LOOP_ANALYSIS = YES;
				CLANG_WARN_STRICT_PROTOTYPES = YES;
				CLANG_WARN_SUSPICIOUS_MOVE = YES;
				CLANG_WARN_UNGUARDED_AVAILABILITY = YES_AGGRESSIVE;
				CLANG_WARN_UNREACHABLE_CODE = YES;
				CLANG_WARN__DUPLICATE_METHOD_MATCH = YES;
				COPY_PHASE_STRIP = NO;
				DEBUG_INFORMATION_FORMAT = "dwarf-with-dsym";
				ENABLE_NS_ASSERTIONS = NO;
				ENABLE_STRICT_OBJC_MSGSEND = YES;
				ENABLE_USER_SCRIPT_SANDBOXING = YES;
				GCC_C_LANGUAGE_STANDARD = gnu17;
				GCC_NO_COMMON_BLOCKS = YES;
				GCC_WARN_64_TO_32_BIT_CONVERSION = YES;
				GCC_WARN_ABOUT_RETURN_TYPE = YES_ERROR;
				GCC_WARN_UNDECLARED_SELECTOR = YES;
				GCC_WARN_UNINITIALIZED_AUTOS = YES_AGGRESSIVE;
				GCC_WARN_UNUSED_FUNCTION = YES;
				GCC_WARN_UNUSED_VARIABLE = YES;
				IPHONEOS_DEPLOYMENT_TARGET = 17.5;
				LOCALIZATION_PREFERS_STRING_CATALOGS = YES;
				MTL_ENABLE_DEBUG_INFO = NO;
				MTL_FAST_MATH = YES;
				SDKROOT = iphoneos;
				SWIFT_COMPILATION_MODE = wholemodule;
				VALIDATE_PRODUCT = YES;
			};
			name = Release;
		};
		577F9C392D5F2C720035F959 /* Debug */ = {
			isa = XCBuildConfiguration;
			buildSettings = {
				ASSETCATALOG_COMPILER_APPICON_NAME = AppIcon;
				ASSETCATALOG_COMPILER_GLOBAL_ACCENT_COLOR_NAME = AccentColor;
				CODE_SIGN_STYLE = Automatic;
				CURRENT_PROJECT_VERSION = 1;
				DEVELOPMENT_ASSET_PATHS = "\"yourLedger/Preview Content\"";
				ENABLE_PREVIEWS = YES;
				GENERATE_INFOPLIST_FILE = YES;
				INFOPLIST_KEY_UIApplicationSceneManifest_Generation = YES;
				INFOPLIST_KEY_UIApplicationSupportsIndirectInputEvents = YES;
				INFOPLIST_KEY_UILaunchScreen_Generation = YES;
				INFOPLIST_KEY_UISupportedInterfaceOrientations_iPad = "UIInterfaceOrientationPortrait UIInterfaceOrientationPortraitUpsideDown UIInterfaceOrientationLandscapeLeft UIInterfaceOrientationLandscapeRight";
				INFOPLIST_KEY_UISupportedInterfaceOrientations_iPhone = "UIInterfaceOrientationPortrait UIInterfaceOrientationLandscapeLeft UIInterfaceOrientationLandscapeRight";
				LD_RUNPATH_SEARCH_PATHS = (
					"$(inherited)",
					"@executable_path/Frameworks",
				);
				MARKETING_VERSION = 1.0;
				PRODUCT_BUNDLE_IDENTIFIER = com.getYourLedger.yourLedger;
				PRODUCT_NAME = "$(TARGET_NAME)";
				SWIFT_EMIT_LOC_STRINGS = YES;
				SWIFT_VERSION = 5.0;
				TARGETED_DEVICE_FAMILY = "1,2";
			};
			name = Debug;
		};
		577F9C3A2D5F2C720035F959 /* Release */ = {
			isa = XCBuildConfiguration;
			buildSettings = {
				ASSETCATALOG_COMPILER_APPICON_NAME = AppIcon;
				ASSETCATALOG_COMPILER_GLOBAL_ACCENT_COLOR_NAME = AccentColor;
				CODE_SIGN_STYLE = Automatic;
				CURRENT_PROJECT_VERSION = 1;
				DEVELOPMENT_ASSET_PATHS = "\"yourLedger/Preview Content\"";
				ENABLE_PREVIEWS = YES;
				GENERATE_INFOPLIST_FILE = YES;
				INFOPLIST_KEY_UIApplicationSceneManifest_Generation = YES;
				INFOPLIST_KEY_UIApplicationSupportsIndirectInputEvents = YES;
				INFOPLIST_KEY_UILaunchScreen_Generation = YES;
				INFOPLIST_KEY_UISupportedInterfaceOrientations_iPad = "UIInterfaceOrientationPortrait UIInterfaceOrientationPortraitUpsideDown UIInterfaceOrientationLandscapeLeft UIInterfaceOrientationLandscapeRight";
				INFOPLIST_KEY_UISupportedInterfaceOrientations_iPhone = "UIInterfaceOrientationPortrait UIInterfaceOrientationLandscapeLeft UIInterfaceOrientationLandscapeRight";
				LD_RUNPATH_SEARCH_PATHS = (
					"$(inherited)",
					"@executable_path/Frameworks",
				);
				MARKETING_VERSION = 1.0;
				PRODUCT_BUNDLE_IDENTIFIER = com.getYourLedger.yourLedger;
				PRODUCT_NAME = "$(TARGET_NAME)";
				SWIFT_EMIT_LOC_STRINGS = YES;
				SWIFT_VERSION = 5.0;
				TARGETED_DEVICE_FAMILY = "1,2";
			};
			name = Release;
		};
		577F9C3C2D5F2C720035F959 /* Debug */ = {
			isa = XCBuildConfiguration;
			buildSettings = {
				ALWAYS_EMBED_SWIFT_STANDARD_LIBRARIES = YES;
				BUNDLE_LOADER = "$(TEST_HOST)";
				CODE_SIGN_STYLE = Automatic;
				CURRENT_PROJECT_VERSION = 1;
				GENERATE_INFOPLIST_FILE = YES;
				IPHONEOS_DEPLOYMENT_TARGET = 17.5;
				MARKETING_VERSION = 1.0;
				PRODUCT_BUNDLE_IDENTIFIER = com.getYourLedger.yourLedgerTests;
				PRODUCT_NAME = "$(TARGET_NAME)";
				SWIFT_EMIT_LOC_STRINGS = NO;
				SWIFT_VERSION = 5.0;
				TARGETED_DEVICE_FAMILY = "1,2";
				TEST_HOST = "$(BUILT_PRODUCTS_DIR)/yourLedger.app/$(BUNDLE_EXECUTABLE_FOLDER_PATH)/yourLedger";
			};
			name = Debug;
		};
		577F9C3D2D5F2C720035F959 /* Release */ = {
			isa = XCBuildConfiguration;
			buildSettings = {
				ALWAYS_EMBED_SWIFT_STANDARD_LIBRARIES = YES;
				BUNDLE_LOADER = "$(TEST_HOST)";
				CODE_SIGN_STYLE = Automatic;
				CURRENT_PROJECT_VERSION = 1;
				GENERATE_INFOPLIST_FILE = YES;
				IPHONEOS_DEPLOYMENT_TARGET = 17.5;
				MARKETING_VERSION = 1.0;
				PRODUCT_BUNDLE_IDENTIFIER = com.getYourLedger.yourLedgerTests;
				PRODUCT_NAME = "$(TARGET_NAME)";
				SWIFT_EMIT_LOC_STRINGS = NO;
				SWIFT_VERSION = 5.0;
				TARGETED_DEVICE_FAMILY = "1,2";
				TEST_HOST = "$(BUILT_PRODUCTS_DIR)/yourLedger.app/$(BUNDLE_EXECUTABLE_FOLDER_PATH)/yourLedger";
			};
			name = Release;
		};
		577F9C3F2D5F2C720035F959 /* Debug */ = {
			isa = XCBuildConfiguration;
			buildSettings = {
				ALWAYS_EMBED_SWIFT_STANDARD_LIBRARIES = YES;
				CODE_SIGN_STYLE = Automatic;
				CURRENT_PROJECT_VERSION = 1;
				GENERATE_INFOPLIST_FILE = YES;
				MARKETING_VERSION = 1.0;
				PRODUCT_BUNDLE_IDENTIFIER = com.getYourLedger.yourLedgerUITests;
				PRODUCT_NAME = "$(TARGET_NAME)";
				SWIFT_EMIT_LOC_STRINGS = NO;
				SWIFT_VERSION = 5.0;
				TARGETED_DEVICE_FAMILY = "1,2";
				TEST_TARGET_NAME = yourLedger;
			};
			name = Debug;
		};
		577F9C402D5F2C720035F959 /* Release */ = {
			isa = XCBuildConfiguration;
			buildSettings = {
				ALWAYS_EMBED_SWIFT_STANDARD_LIBRARIES = YES;
				CODE_SIGN_STYLE = Automatic;
				CURRENT_PROJECT_VERSION = 1;
				GENERATE_INFOPLIST_FILE = YES;
				MARKETING_VERSION = 1.0;
				PRODUCT_BUNDLE_IDENTIFIER = com.getYourLedger.yourLedgerUITests;
				PRODUCT_NAME = "$(TARGET_NAME)";
				SWIFT_EMIT_LOC_STRINGS = NO;
				SWIFT_VERSION = 5.0;
				TARGETED_DEVICE_FAMILY = "1,2";
				TEST_TARGET_NAME = yourLedger;
			};
			name = Release;
		};
/* End XCBuildConfiguration section */

/* Begin XCConfigurationList section */
		577F9C0D2D5F2C700035F959 /* Build configuration list for PBXProject "yourLedger" */ = {
			isa = XCConfigurationList;
			buildConfigurations = (
				577F9C362D5F2C720035F959 /* Debug */,
				577F9C372D5F2C720035F959 /* Release */,
			);
			defaultConfigurationIsVisible = 0;
			defaultConfigurationName = Release;
		};
		577F9C382D5F2C720035F959 /* Build configuration list for PBXNativeTarget "yourLedger" */ = {
			isa = XCConfigurationList;
			buildConfigurations = (
				577F9C392D5F2C720035F959 /* Debug */,
				577F9C3A2D5F2C720035F959 /* Release */,
			);
			defaultConfigurationIsVisible = 0;
			defaultConfigurationName = Release;
		};
		577F9C3B2D5F2C720035F959 /* Build configuration list for PBXNativeTarget "yourLedgerTests" */ = {
			isa = XCConfigurationList;
			buildConfigurations = (
				577F9C3C2D5F2C720035F959 /* Debug */,
				577F9C3D2D5F2C720035F959 /* Release */,
			);
			defaultConfigurationIsVisible = 0;
			defaultConfigurationName = Release;
		};
		577F9C3E2D5F2C720035F959 /* Build configuration list for PBXNativeTarget "yourLedgerUITests" */ = {
			isa = XCConfigurationList;
			buildConfigurations = (
				577F9C3F2D5F2C720035F959 /* Debug */,
				577F9C402D5F2C720035F959 /* Release */,
			);
			defaultConfigurationIsVisible = 0;
			defaultConfigurationName = Release;
		};
/* End XCConfigurationList section */
	};
	rootObject = 577F9C0A2D5F2C700035F959 /* Project object */;
}
